// !$*UTF8*$!
{
	archiveVersion = 1;
	classes = {
	};
	objectVersion = 46;
	objects = {

/* Begin PBXBuildFile section */
		7B667C6C1643B2E9000D51BA /* main.c in Sources */ = {isa = PBXBuildFile; fileRef = 7B667C6B1643B2E9000D51BA /* main.c */; };
		7B667C6E1643B2E9000D51BA /* practice.1 in CopyFiles */ = {isa = PBXBuildFile; fileRef = 7B667C6D1643B2E9000D51BA /* practice.1 */; };
/* End PBXBuildFile section */

/* Begin PBXCopyFilesBuildPhase section */
		7B667C651643B2E9000D51BA /* CopyFiles */ = {
			isa = PBXCopyFilesBuildPhase;
			buildActionMask = 2147483647;
			dstPath = /usr/share/man/man1/;
			dstSubfolderSpec = 0;
			files = (
				7B667C6E1643B2E9000D51BA /* practice.1 in CopyFiles */,
			);
			runOnlyForDeploymentPostprocessing = 1;
		};
/* End PBXCopyFilesBuildPhase section */

/* Begin PBXFileReference section */
		7B667C671643B2E9000D51BA /* practice */ = {isa = PBXFileReference; explicitFileType = "compiled.mach-o.executable"; includeInIndex = 0; path = practice; sourceTree = BUILT_PRODUCTS_DIR; };
		7B667C6B1643B2E9000D51BA /* main.c */ = {isa = PBXFileReference; lastKnownFileType = sourcecode.c.c; path = main.c; sourceTree = "<group>"; };
		7B667C6D1643B2E9000D51BA /* practice.1 */ = {isa = PBXFileReference; lastKnownFileType = text.man; path = practice.1; sourceTree = "<group>"; };
/* End PBXFileReference section */

/* Begin PBXFrameworksBuildPhase section */
		7B667C641643B2E9000D51BA /* Frameworks */ = {
			isa = PBXFrameworksBuildPhase;
			buildActionMask = 2147483647;
			files = (
			);
			runOnlyForDeploymentPostprocessing = 0;
		};
/* End PBXFrameworksBuildPhase section */

/* Begin PBXGroup section */
		7B667C5C1643B2E9000D51BA = {
			isa = PBXGroup;
			children = (
				7B667C6A1643B2E9000D51BA /* practice */,
				7B667C681643B2E9000D51BA /* Products */,
			);
			sourceTree = "<group>";
		};
		7B667C681643B2E9000D51BA /* Products */ = {
			isa = PBXGroup;
			children = (
				7B667C671643B2E9000D51BA /* practice */,
			);
			name = Products;
			sourceTree = "<group>";
		};
		7B667C6A1643B2E9000D51BA /* practice */ = {
			isa = PBXGroup;
			children = (
				7B667C6B1643B2E9000D51BA /* main.c */,
				7B667C6D1643B2E9000D51BA /* practice.1 */,
			);
			path = practice;
			sourceTree = "<group>";
		};
/* End PBXGroup section */

/* Begin PBXNativeTarget section */
		7B667C661643B2E9000D51BA /* practice */ = {
			isa = PBXNativeTarget;
			buildConfigurationList = 7B667C711643B2E9000D51BA /* Build configuration list for PBXNativeTarget "practice" */;
			buildPhases = (
				7B667C631643B2E9000D51BA /* Sources */,
				7B667C641643B2E9000D51BA /* Frameworks */,
				7B667C651643B2E9000D51BA /* CopyFiles */,
			);
			buildRules = (
			);
			dependencies = (
			);
			name = practice;
			productName = practice;
			productReference = 7B667C671643B2E9000D51BA /* practice */;
			productType = "com.apple.product-type.tool";
		};
/* End PBXNativeTarget section */

/* Begin PBXProject section */
		7B667C5E1643B2E9000D51BA /* Project object */ = {
			isa = PBXProject;
			attributes = {
				LastUpgradeCheck = 0430;
			};
			buildConfigurationList = 7B667C611643B2E9000D51BA /* Build configuration list for PBXProject "practice" */;
			compatibilityVersion = "Xcode 3.2";
			developmentRegion = English;
			hasScannedForEncodings = 0;
			knownRegions = (
				en,
			);
			mainGroup = 7B667C5C1643B2E9000D51BA;
			productRefGroup = 7B667C681643B2E9000D51BA /* Products */;
			projectDirPath = "";
			projectRoot = "";
			targets = (
				7B667C661643B2E9000D51BA /* practice */,
			);
		};
/* End PBXProject section */

/* Begin PBXSourcesBuildPhase section */
		7B667C631643B2E9000D51BA /* Sources */ = {
			isa = PBXSourcesBuildPhase;
			buildActionMask = 2147483647;
			files = (
				7B667C6C1643B2E9000D51BA /* main.c in Sources */,
			);
			runOnlyForDeploymentPostprocessing = 0;
		};
/* End PBXSourcesBuildPhase section */

/* Begin XCBuildConfiguration section */
		7B667C6F1643B2E9000D51BA /* Debug */ = {
			isa = XCBuildConfiguration;
			buildSettings = {
				ALWAYS_SEARCH_USER_PATHS = NO;
				ARCHS = "$(ARCHS_STANDARD_64_BIT)";
				CLANG_ENABLE_OBJC_ARC = YES;
				COPY_PHASE_STRIP = NO;
				GCC_C_LANGUAGE_STANDARD = gnu99;
				GCC_DYNAMIC_NO_PIC = NO;
				GCC_ENABLE_OBJC_EXCEPTIONS = YES;
				GCC_OPTIMIZATION_LEVEL = 0;
				GCC_PREPROCESSOR_DEFINITIONS = (
					"DEBUG=1",
					"$(inherited)",
				);
				GCC_SYMBOLS_PRIVATE_EXTERN = NO;
				GCC_VERSION = com.apple.compilers.llvm.clang.1_0;
				GCC_WARN_64_TO_32_BIT_CONVERSION = YES;
				GCC_WARN_ABOUT_RETURN_TYPE = YES;
				GCC_WARN_UNINITIALIZED_AUTOS = YES;
				GCC_WARN_UNUSED_VARIABLE = YES;
				MACOSX_DEPLOYMENT_TARGET = 10.7;
				ONLY_ACTIVE_ARCH = YES;
				SDKROOT = macosx;
			};
			name = Debug;
		};
		7B667C701643B2E9000D51BA /* Release */ = {
			isa = XCBuildConfiguration;
			buildSettings = {
				ALWAYS_SEARCH_USER_PATHS = NO;
				ARCHS = "$(ARCHS_STANDARD_64_BIT)";
				CLANG_ENABLE_OBJC_ARC = YES;
				COPY_PHASE_STRIP = YES;
				DEBUG_INFORMATION_FORMAT = "dwarf-with-dsym";
				GCC_C_LANGUAGE_STANDARD = gnu99;
				GCC_ENABLE_OBJC_EXCEPTIONS = YES;
				GCC_VERSION = com.apple.compilers.llvm.clang.1_0;
				GCC_WARN_64_TO_32_BIT_CONVERSION = YES;
				GCC_WARN_ABOUT_RETURN_TYPE = YES;
				GCC_WARN_UNINITIALIZED_AUTOS = YES;
				GCC_WARN_UNUSED_VARIABLE = YES;
				MACOSX_DEPLOYMENT_TARGET = 10.7;
				SDKROOT = macosx;
			};
			name = Release;
		};
		7B667C721643B2E9000D51BA /* Debug */ = {
			isa = XCBuildConfiguration;
			buildSettings = {
				PRODUCT_NAME = "$(TARGET_NAME)";
			};
			name = Debug;
		};
		7B667C731643B2E9000D51BA /* Release */ = {
			isa = XCBuildConfiguration;
			buildSettings = {
				PRODUCT_NAME = "$(TARGET_NAME)";
			};
			name = Release;
		};
/* End XCBuildConfiguration section */

/* Begin XCConfigurationList section */
		7B667C611643B2E9000D51BA /* Build configuration list for PBXProject "practice" */ = {
			isa = XCConfigurationList;
			buildConfigurations = (
				7B667C6F1643B2E9000D51BA /* Debug */,
				7B667C701643B2E9000D51BA /* Release */,
			);
			defaultConfigurationIsVisible = 0;
			defaultConfigurationName = Release;
		};
		7B667C711643B2E9000D51BA /* Build configuration list for PBXNativeTarget "practice" */ = {
			isa = XCConfigurationList;
			buildConfigurations = (
				7B667C721643B2E9000D51BA /* Debug */,
				7B667C731643B2E9000D51BA /* Release */,
			);
			defaultConfigurationIsVisible = 0;
		};
/* End XCConfigurationList section */
	};
	rootObject = 7B667C5E1643B2E9000D51BA /* Project object */;
}
