// !$*UTF8*$!
{
	archiveVersion = 1;
	classes = {
	};
	objectVersion = 46;
	objects = {

/* Begin PBXBuildFile section */
		7B719F94164A5CC900E5EF5A /* Cocoa.framework in Frameworks */ = {isa = PBXBuildFile; fileRef = 7B719F93164A5CC900E5EF5A /* Cocoa.framework */; };
		7B719F9E164A5CCA00E5EF5A /* InfoPlist.strings in Resources */ = {isa = PBXBuildFile; fileRef = 7B719F9C164A5CCA00E5EF5A /* InfoPlist.strings */; };
		7B719FA0164A5CCA00E5EF5A /* main.m in Sources */ = {isa = PBXBuildFile; fileRef = 7B719F9F164A5CCA00E5EF5A /* main.m */; };
		7B719FA4164A5CCA00E5EF5A /* Credits.rtf in Resources */ = {isa = PBXBuildFile; fileRef = 7B719FA2164A5CCA00E5EF5A /* Credits.rtf */; };
		7B719FA7164A5CCA00E5EF5A /* BNRDocument.m in Sources */ = {isa = PBXBuildFile; fileRef = 7B719FA6164A5CCA00E5EF5A /* BNRDocument.m */; };
		7B719FAA164A5CCA00E5EF5A /* BNRDocument.xib in Resources */ = {isa = PBXBuildFile; fileRef = 7B719FA8164A5CCA00E5EF5A /* BNRDocument.xib */; };
		7B719FAD164A5CCA00E5EF5A /* MainMenu.xib in Resources */ = {isa = PBXBuildFile; fileRef = 7B719FAB164A5CCA00E5EF5A /* MainMenu.xib */; };
/* End PBXBuildFile section */

/* Begin PBXFileReference section */
		7B719F8F164A5CC900E5EF5A /* TahDoodle.app */ = {isa = PBXFileReference; explicitFileType = wrapper.application; includeInIndex = 0; path = TahDoodle.app; sourceTree = BUILT_PRODUCTS_DIR; };
		7B719F93164A5CC900E5EF5A /* Cocoa.framework */ = {isa = PBXFileReference; lastKnownFileType = wrapper.framework; name = Cocoa.framework; path = System/Library/Frameworks/Cocoa.framework; sourceTree = SDKROOT; };
		7B719F96164A5CCA00E5EF5A /* AppKit.framework */ = {isa = PBXFileReference; lastKnownFileType = wrapper.framework; name = AppKit.framework; path = System/Library/Frameworks/AppKit.framework; sourceTree = SDKROOT; };
		7B719F97164A5CCA00E5EF5A /* CoreData.framework */ = {isa = PBXFileReference; lastKnownFileType = wrapper.framework; name = CoreData.framework; path = System/Library/Frameworks/CoreData.framework; sourceTree = SDKROOT; };
		7B719F98164A5CCA00E5EF5A /* Foundation.framework */ = {isa = PBXFileReference; lastKnownFileType = wrapper.framework; name = Foundation.framework; path = System/Library/Frameworks/Foundation.framework; sourceTree = SDKROOT; };
		7B719F9B164A5CCA00E5EF5A /* TahDoodle-Info.plist */ = {isa = PBXFileReference; lastKnownFileType = text.plist.xml; path = "TahDoodle-Info.plist"; sourceTree = "<group>"; };
		7B719F9D164A5CCA00E5EF5A /* en */ = {isa = PBXFileReference; lastKnownFileType = text.plist.strings; name = en; path = en.lproj/InfoPlist.strings; sourceTree = "<group>"; };
		7B719F9F164A5CCA00E5EF5A /* main.m */ = {isa = PBXFileReference; lastKnownFileType = sourcecode.c.objc; path = main.m; sourceTree = "<group>"; };
		7B719FA1164A5CCA00E5EF5A /* TahDoodle-Prefix.pch */ = {isa = PBXFileReference; lastKnownFileType = sourcecode.c.h; path = "TahDoodle-Prefix.pch"; sourceTree = "<group>"; };
		7B719FA3164A5CCA00E5EF5A /* en */ = {isa = PBXFileReference; lastKnownFileType = text.rtf; name = en; path = en.lproj/Credits.rtf; sourceTree = "<group>"; };
		7B719FA5164A5CCA00E5EF5A /* BNRDocument.h */ = {isa = PBXFileReference; lastKnownFileType = sourcecode.c.h; path = BNRDocument.h; sourceTree = "<group>"; };
		7B719FA6164A5CCA00E5EF5A /* BNRDocument.m */ = {isa = PBXFileReference; lastKnownFileType = sourcecode.c.objc; path = BNRDocument.m; sourceTree = "<group>"; };
		7B719FA9164A5CCA00E5EF5A /* en */ = {isa = PBXFileReference; lastKnownFileType = file.xib; name = en; path = en.lproj/BNRDocument.xib; sourceTree = "<group>"; };
		7B719FAC164A5CCA00E5EF5A /* en */ = {isa = PBXFileReference; lastKnownFileType = file.xib; name = en; path = en.lproj/MainMenu.xib; sourceTree = "<group>"; };
/* End PBXFileReference section */

/* Begin PBXFrameworksBuildPhase section */
		7B719F8C164A5CC900E5EF5A /* Frameworks */ = {
			isa = PBXFrameworksBuildPhase;
			buildActionMask = 2147483647;
			files = (
				7B719F94164A5CC900E5EF5A /* Cocoa.framework in Frameworks */,
			);
			runOnlyForDeploymentPostprocessing = 0;
		};
/* End PBXFrameworksBuildPhase section */

/* Begin PBXGroup section */
		7B719F84164A5CC900E5EF5A = {
			isa = PBXGroup;
			children = (
				7B719F99164A5CCA00E5EF5A /* TahDoodle */,
				7B719F92164A5CC900E5EF5A /* Frameworks */,
				7B719F90164A5CC900E5EF5A /* Products */,
			);
			sourceTree = "<group>";
		};
		7B719F90164A5CC900E5EF5A /* Products */ = {
			isa = PBXGroup;
			children = (
				7B719F8F164A5CC900E5EF5A /* TahDoodle.app */,
			);
			name = Products;
			sourceTree = "<group>";
		};
		7B719F92164A5CC900E5EF5A /* Frameworks */ = {
			isa = PBXGroup;
			children = (
				7B719F93164A5CC900E5EF5A /* Cocoa.framework */,
				7B719F95164A5CC900E5EF5A /* Other Frameworks */,
			);
			name = Frameworks;
			sourceTree = "<group>";
		};
		7B719F95164A5CC900E5EF5A /* Other Frameworks */ = {
			isa = PBXGroup;
			children = (
				7B719F96164A5CCA00E5EF5A /* AppKit.framework */,
				7B719F97164A5CCA00E5EF5A /* CoreData.framework */,
				7B719F98164A5CCA00E5EF5A /* Foundation.framework */,
			);
			name = "Other Frameworks";
			sourceTree = "<group>";
		};
		7B719F99164A5CCA00E5EF5A /* TahDoodle */ = {
			isa = PBXGroup;
			children = (
				7B719FA5164A5CCA00E5EF5A /* BNRDocument.h */,
				7B719FA6164A5CCA00E5EF5A /* BNRDocument.m */,
				7B719FA8164A5CCA00E5EF5A /* BNRDocument.xib */,
				7B719FAB164A5CCA00E5EF5A /* MainMenu.xib */,
				7B719F9A164A5CCA00E5EF5A /* Supporting Files */,
			);
			path = TahDoodle;
			sourceTree = "<group>";
		};
		7B719F9A164A5CCA00E5EF5A /* Supporting Files */ = {
			isa = PBXGroup;
			children = (
				7B719F9B164A5CCA00E5EF5A /* TahDoodle-Info.plist */,
				7B719F9C164A5CCA00E5EF5A /* InfoPlist.strings */,
				7B719F9F164A5CCA00E5EF5A /* main.m */,
				7B719FA1164A5CCA00E5EF5A /* TahDoodle-Prefix.pch */,
				7B719FA2164A5CCA00E5EF5A /* Credits.rtf */,
			);
			name = "Supporting Files";
			sourceTree = "<group>";
		};
/* End PBXGroup section */

/* Begin PBXNativeTarget section */
		7B719F8E164A5CC900E5EF5A /* TahDoodle */ = {
			isa = PBXNativeTarget;
			buildConfigurationList = 7B719FB0164A5CCA00E5EF5A /* Build configuration list for PBXNativeTarget "TahDoodle" */;
			buildPhases = (
				7B719F8B164A5CC900E5EF5A /* Sources */,
				7B719F8C164A5CC900E5EF5A /* Frameworks */,
				7B719F8D164A5CC900E5EF5A /* Resources */,
			);
			buildRules = (
			);
			dependencies = (
			);
			name = TahDoodle;
			productName = TahDoodle;
			productReference = 7B719F8F164A5CC900E5EF5A /* TahDoodle.app */;
			productType = "com.apple.product-type.application";
		};
/* End PBXNativeTarget section */

/* Begin PBXProject section */
		7B719F86164A5CC900E5EF5A /* Project object */ = {
			isa = PBXProject;
			attributes = {
				CLASSPREFIX = BNR;
				LastUpgradeCheck = 0430;
			};
			buildConfigurationList = 7B719F89164A5CC900E5EF5A /* Build configuration list for PBXProject "TahDoodle" */;
			compatibilityVersion = "Xcode 3.2";
			developmentRegion = English;
			hasScannedForEncodings = 0;
			knownRegions = (
				en,
			);
			mainGroup = 7B719F84164A5CC900E5EF5A;
			productRefGroup = 7B719F90164A5CC900E5EF5A /* Products */;
			projectDirPath = "";
			projectRoot = "";
			targets = (
				7B719F8E164A5CC900E5EF5A /* TahDoodle */,
			);
		};
/* End PBXProject section */

/* Begin PBXResourcesBuildPhase section */
		7B719F8D164A5CC900E5EF5A /* Resources */ = {
			isa = PBXResourcesBuildPhase;
			buildActionMask = 2147483647;
			files = (
				7B719F9E164A5CCA00E5EF5A /* InfoPlist.strings in Resources */,
				7B719FA4164A5CCA00E5EF5A /* Credits.rtf in Resources */,
				7B719FAA164A5CCA00E5EF5A /* BNRDocument.xib in Resources */,
				7B719FAD164A5CCA00E5EF5A /* MainMenu.xib in Resources */,
			);
			runOnlyForDeploymentPostprocessing = 0;
		};
/* End PBXResourcesBuildPhase section */

/* Begin PBXSourcesBuildPhase section */
		7B719F8B164A5CC900E5EF5A /* Sources */ = {
			isa = PBXSourcesBuildPhase;
			buildActionMask = 2147483647;
			files = (
				7B719FA0164A5CCA00E5EF5A /* main.m in Sources */,
				7B719FA7164A5CCA00E5EF5A /* BNRDocument.m in Sources */,
			);
			runOnlyForDeploymentPostprocessing = 0;
		};
/* End PBXSourcesBuildPhase section */

/* Begin PBXVariantGroup section */
		7B719F9C164A5CCA00E5EF5A /* InfoPlist.strings */ = {
			isa = PBXVariantGroup;
			children = (
				7B719F9D164A5CCA00E5EF5A /* en */,
			);
			name = InfoPlist.strings;
			sourceTree = "<group>";
		};
		7B719FA2164A5CCA00E5EF5A /* Credits.rtf */ = {
			isa = PBXVariantGroup;
			children = (
				7B719FA3164A5CCA00E5EF5A /* en */,
			);
			name = Credits.rtf;
			sourceTree = "<group>";
		};
		7B719FA8164A5CCA00E5EF5A /* BNRDocument.xib */ = {
			isa = PBXVariantGroup;
			children = (
				7B719FA9164A5CCA00E5EF5A /* en */,
			);
			name = BNRDocument.xib;
			sourceTree = "<group>";
		};
		7B719FAB164A5CCA00E5EF5A /* MainMenu.xib */ = {
			isa = PBXVariantGroup;
			children = (
				7B719FAC164A5CCA00E5EF5A /* en */,
			);
			name = MainMenu.xib;
			sourceTree = "<group>";
		};
/* End PBXVariantGroup section */

/* Begin XCBuildConfiguration section */
		7B719FAE164A5CCA00E5EF5A /* Debug */ = {
			isa = XCBuildConfiguration;
			buildSettings = {
				ALWAYS_SEARCH_USER_PATHS = NO;
				ARCHS = "$(ARCHS_STANDARD_64_BIT)";
				COPY_PHASE_STRIP = NO;
				GCC_C_LANGUAGE_STANDARD = gnu99;
				GCC_DYNAMIC_NO_PIC = NO;
				GCC_ENABLE_OBJC_EXCEPTIONS = YES;
				GCC_OPTIMIZATION_LEVEL = 0;
				GCC_PREPROCESSOR_DEFINITIONS = (
					"DEBUG=1",
					"$(inherited)",
				);
				GCC_SYMBOLS_PRIVATE_EXTERN = NO;
				GCC_VERSION = com.apple.compilers.llvm.clang.1_0;
				GCC_WARN_64_TO_32_BIT_CONVERSION = YES;
				GCC_WARN_ABOUT_RETURN_TYPE = YES;
				GCC_WARN_UNINITIALIZED_AUTOS = YES;
				GCC_WARN_UNUSED_VARIABLE = YES;
				MACOSX_DEPLOYMENT_TARGET = 10.7;
				ONLY_ACTIVE_ARCH = YES;
				SDKROOT = macosx;
			};
			name = Debug;
		};
		7B719FAF164A5CCA00E5EF5A /* Release */ = {
			isa = XCBuildConfiguration;
			buildSettings = {
				ALWAYS_SEARCH_USER_PATHS = NO;
				ARCHS = "$(ARCHS_STANDARD_64_BIT)";
				COPY_PHASE_STRIP = YES;
				DEBUG_INFORMATION_FORMAT = "dwarf-with-dsym";
				GCC_C_LANGUAGE_STANDARD = gnu99;
				GCC_ENABLE_OBJC_EXCEPTIONS = YES;
				GCC_VERSION = com.apple.compilers.llvm.clang.1_0;
				GCC_WARN_64_TO_32_BIT_CONVERSION = YES;
				GCC_WARN_ABOUT_RETURN_TYPE = YES;
				GCC_WARN_UNINITIALIZED_AUTOS = YES;
				GCC_WARN_UNUSED_VARIABLE = YES;
				MACOSX_DEPLOYMENT_TARGET = 10.7;
				SDKROOT = macosx;
			};
			name = Release;
		};
		7B719FB1164A5CCA00E5EF5A /* Debug */ = {
			isa = XCBuildConfiguration;
			buildSettings = {
				GCC_PRECOMPILE_PREFIX_HEADER = YES;
				GCC_PREFIX_HEADER = "TahDoodle/TahDoodle-Prefix.pch";
				INFOPLIST_FILE = "TahDoodle/TahDoodle-Info.plist";
				PRODUCT_NAME = "$(TARGET_NAME)";
				WRAPPER_EXTENSION = app;
			};
			name = Debug;
		};
		7B719FB2164A5CCA00E5EF5A /* Release */ = {
			isa = XCBuildConfiguration;
			buildSettings = {
				GCC_PRECOMPILE_PREFIX_HEADER = YES;
				GCC_PREFIX_HEADER = "TahDoodle/TahDoodle-Prefix.pch";
				INFOPLIST_FILE = "TahDoodle/TahDoodle-Info.plist";
				PRODUCT_NAME = "$(TARGET_NAME)";
				WRAPPER_EXTENSION = app;
			};
			name = Release;
		};
/* End XCBuildConfiguration section */

/* Begin XCConfigurationList section */
		7B719F89164A5CC900E5EF5A /* Build configuration list for PBXProject "TahDoodle" */ = {
			isa = XCConfigurationList;
			buildConfigurations = (
				7B719FAE164A5CCA00E5EF5A /* Debug */,
				7B719FAF164A5CCA00E5EF5A /* Release */,
			);
			defaultConfigurationIsVisible = 0;
			defaultConfigurationName = Release;
		};
		7B719FB0164A5CCA00E5EF5A /* Build configuration list for PBXNativeTarget "TahDoodle" */ = {
			isa = XCConfigurationList;
			buildConfigurations = (
				7B719FB1164A5CCA00E5EF5A /* Debug */,
				7B719FB2164A5CCA00E5EF5A /* Release */,
			);
			defaultConfigurationIsVisible = 0;
		};
/* End XCConfigurationList section */
	};
	rootObject = 7B719F86164A5CC900E5EF5A /* Project object */;
}
