// !$*UTF8*$!
{
	archiveVersion = 1;
	classes = {
	};
	objectVersion = 46;
	objects = {

/* Begin PBXBuildFile section */
		7BFB1719164CC5E900C405A0 /* Cocoa.framework in Frameworks */ = {isa = PBXBuildFile; fileRef = 7BFB1718164CC5E900C405A0 /* Cocoa.framework */; };
		7BFB1723164CC5E900C405A0 /* InfoPlist.strings in Resources */ = {isa = PBXBuildFile; fileRef = 7BFB1721164CC5E900C405A0 /* InfoPlist.strings */; };
		7BFB1725164CC5E900C405A0 /* main.m in Sources */ = {isa = PBXBuildFile; fileRef = 7BFB1724164CC5E900C405A0 /* main.m */; };
		7BFB1729164CC5E900C405A0 /* Credits.rtf in Resources */ = {isa = PBXBuildFile; fileRef = 7BFB1727164CC5E900C405A0 /* Credits.rtf */; };
		7BFB172C164CC5E900C405A0 /* BNRDocument.m in Sources */ = {isa = PBXBuildFile; fileRef = 7BFB172B164CC5E900C405A0 /* BNRDocument.m */; };
		7BFB172F164CC5E900C405A0 /* BNRDocument.xib in Resources */ = {isa = PBXBuildFile; fileRef = 7BFB172D164CC5E900C405A0 /* BNRDocument.xib */; };
		7BFB1732164CC5E900C405A0 /* MainMenu.xib in Resources */ = {isa = PBXBuildFile; fileRef = 7BFB1730164CC5E900C405A0 /* MainMenu.xib */; };
/* End PBXBuildFile section */

/* Begin PBXFileReference section */
		7BFB1714164CC5E900C405A0 /* TahDoodle.app */ = {isa = PBXFileReference; explicitFileType = wrapper.application; includeInIndex = 0; path = TahDoodle.app; sourceTree = BUILT_PRODUCTS_DIR; };
		7BFB1718164CC5E900C405A0 /* Cocoa.framework */ = {isa = PBXFileReference; lastKnownFileType = wrapper.framework; name = Cocoa.framework; path = System/Library/Frameworks/Cocoa.framework; sourceTree = SDKROOT; };
		7BFB171B164CC5E900C405A0 /* AppKit.framework */ = {isa = PBXFileReference; lastKnownFileType = wrapper.framework; name = AppKit.framework; path = System/Library/Frameworks/AppKit.framework; sourceTree = SDKROOT; };
		7BFB171C164CC5E900C405A0 /* CoreData.framework */ = {isa = PBXFileReference; lastKnownFileType = wrapper.framework; name = CoreData.framework; path = System/Library/Frameworks/CoreData.framework; sourceTree = SDKROOT; };
		7BFB171D164CC5E900C405A0 /* Foundation.framework */ = {isa = PBXFileReference; lastKnownFileType = wrapper.framework; name = Foundation.framework; path = System/Library/Frameworks/Foundation.framework; sourceTree = SDKROOT; };
		7BFB1720164CC5E900C405A0 /* TahDoodle-Info.plist */ = {isa = PBXFileReference; lastKnownFileType = text.plist.xml; path = "TahDoodle-Info.plist"; sourceTree = "<group>"; };
		7BFB1722164CC5E900C405A0 /* en */ = {isa = PBXFileReference; lastKnownFileType = text.plist.strings; name = en; path = en.lproj/InfoPlist.strings; sourceTree = "<group>"; };
		7BFB1724164CC5E900C405A0 /* main.m */ = {isa = PBXFileReference; lastKnownFileType = sourcecode.c.objc; path = main.m; sourceTree = "<group>"; };
		7BFB1726164CC5E900C405A0 /* TahDoodle-Prefix.pch */ = {isa = PBXFileReference; lastKnownFileType = sourcecode.c.h; path = "TahDoodle-Prefix.pch"; sourceTree = "<group>"; };
		7BFB1728164CC5E900C405A0 /* en */ = {isa = PBXFileReference; lastKnownFileType = text.rtf; name = en; path = en.lproj/Credits.rtf; sourceTree = "<group>"; };
		7BFB172A164CC5E900C405A0 /* BNRDocument.h */ = {isa = PBXFileReference; lastKnownFileType = sourcecode.c.h; path = BNRDocument.h; sourceTree = "<group>"; };
		7BFB172B164CC5E900C405A0 /* BNRDocument.m */ = {isa = PBXFileReference; lastKnownFileType = sourcecode.c.objc; path = BNRDocument.m; sourceTree = "<group>"; };
		7BFB172E164CC5E900C405A0 /* en */ = {isa = PBXFileReference; lastKnownFileType = file.xib; name = en; path = en.lproj/BNRDocument.xib; sourceTree = "<group>"; };
		7BFB1731164CC5E900C405A0 /* en */ = {isa = PBXFileReference; lastKnownFileType = file.xib; name = en; path = en.lproj/MainMenu.xib; sourceTree = "<group>"; };
/* End PBXFileReference section */

/* Begin PBXFrameworksBuildPhase section */
		7BFB1711164CC5E900C405A0 /* Frameworks */ = {
			isa = PBXFrameworksBuildPhase;
			buildActionMask = 2147483647;
			files = (
				7BFB1719164CC5E900C405A0 /* Cocoa.framework in Frameworks */,
			);
			runOnlyForDeploymentPostprocessing = 0;
		};
/* End PBXFrameworksBuildPhase section */

/* Begin PBXGroup section */
		7BFB1709164CC5E800C405A0 = {
			isa = PBXGroup;
			children = (
				7BFB171E164CC5E900C405A0 /* TahDoodle */,
				7BFB1717164CC5E900C405A0 /* Frameworks */,
				7BFB1715164CC5E900C405A0 /* Products */,
			);
			sourceTree = "<group>";
		};
		7BFB1715164CC5E900C405A0 /* Products */ = {
			isa = PBXGroup;
			children = (
				7BFB1714164CC5E900C405A0 /* TahDoodle.app */,
			);
			name = Products;
			sourceTree = "<group>";
		};
		7BFB1717164CC5E900C405A0 /* Frameworks */ = {
			isa = PBXGroup;
			children = (
				7BFB1718164CC5E900C405A0 /* Cocoa.framework */,
				7BFB171A164CC5E900C405A0 /* Other Frameworks */,
			);
			name = Frameworks;
			sourceTree = "<group>";
		};
		7BFB171A164CC5E900C405A0 /* Other Frameworks */ = {
			isa = PBXGroup;
			children = (
				7BFB171B164CC5E900C405A0 /* AppKit.framework */,
				7BFB171C164CC5E900C405A0 /* CoreData.framework */,
				7BFB171D164CC5E900C405A0 /* Foundation.framework */,
			);
			name = "Other Frameworks";
			sourceTree = "<group>";
		};
		7BFB171E164CC5E900C405A0 /* TahDoodle */ = {
			isa = PBXGroup;
			children = (
				7BFB172A164CC5E900C405A0 /* BNRDocument.h */,
				7BFB172B164CC5E900C405A0 /* BNRDocument.m */,
				7BFB172D164CC5E900C405A0 /* BNRDocument.xib */,
				7BFB1730164CC5E900C405A0 /* MainMenu.xib */,
				7BFB171F164CC5E900C405A0 /* Supporting Files */,
			);
			path = TahDoodle;
			sourceTree = "<group>";
		};
		7BFB171F164CC5E900C405A0 /* Supporting Files */ = {
			isa = PBXGroup;
			children = (
				7BFB1720164CC5E900C405A0 /* TahDoodle-Info.plist */,
				7BFB1721164CC5E900C405A0 /* InfoPlist.strings */,
				7BFB1724164CC5E900C405A0 /* main.m */,
				7BFB1726164CC5E900C405A0 /* TahDoodle-Prefix.pch */,
				7BFB1727164CC5E900C405A0 /* Credits.rtf */,
			);
			name = "Supporting Files";
			sourceTree = "<group>";
		};
/* End PBXGroup section */

/* Begin PBXNativeTarget section */
		7BFB1713164CC5E900C405A0 /* TahDoodle */ = {
			isa = PBXNativeTarget;
			buildConfigurationList = 7BFB1735164CC5E900C405A0 /* Build configuration list for PBXNativeTarget "TahDoodle" */;
			buildPhases = (
				7BFB1710164CC5E900C405A0 /* Sources */,
				7BFB1711164CC5E900C405A0 /* Frameworks */,
				7BFB1712164CC5E900C405A0 /* Resources */,
			);
			buildRules = (
			);
			dependencies = (
			);
			name = TahDoodle;
			productName = TahDoodle;
			productReference = 7BFB1714164CC5E900C405A0 /* TahDoodle.app */;
			productType = "com.apple.product-type.application";
		};
/* End PBXNativeTarget section */

/* Begin PBXProject section */
		7BFB170B164CC5E800C405A0 /* Project object */ = {
			isa = PBXProject;
			attributes = {
				CLASSPREFIX = BNR;
				LastUpgradeCheck = 0430;
			};
			buildConfigurationList = 7BFB170E164CC5E800C405A0 /* Build configuration list for PBXProject "TahDoodle" */;
			compatibilityVersion = "Xcode 3.2";
			developmentRegion = English;
			hasScannedForEncodings = 0;
			knownRegions = (
				en,
			);
			mainGroup = 7BFB1709164CC5E800C405A0;
			productRefGroup = 7BFB1715164CC5E900C405A0 /* Products */;
			projectDirPath = "";
			projectRoot = "";
			targets = (
				7BFB1713164CC5E900C405A0 /* TahDoodle */,
			);
		};
/* End PBXProject section */

/* Begin PBXResourcesBuildPhase section */
		7BFB1712164CC5E900C405A0 /* Resources */ = {
			isa = PBXResourcesBuildPhase;
			buildActionMask = 2147483647;
			files = (
				7BFB1723164CC5E900C405A0 /* InfoPlist.strings in Resources */,
				7BFB1729164CC5E900C405A0 /* Credits.rtf in Resources */,
				7BFB172F164CC5E900C405A0 /* BNRDocument.xib in Resources */,
				7BFB1732164CC5E900C405A0 /* MainMenu.xib in Resources */,
			);
			runOnlyForDeploymentPostprocessing = 0;
		};
/* End PBXResourcesBuildPhase section */

/* Begin PBXSourcesBuildPhase section */
		7BFB1710164CC5E900C405A0 /* Sources */ = {
			isa = PBXSourcesBuildPhase;
			buildActionMask = 2147483647;
			files = (
				7BFB1725164CC5E900C405A0 /* main.m in Sources */,
				7BFB172C164CC5E900C405A0 /* BNRDocument.m in Sources */,
			);
			runOnlyForDeploymentPostprocessing = 0;
		};
/* End PBXSourcesBuildPhase section */

/* Begin PBXVariantGroup section */
		7BFB1721164CC5E900C405A0 /* InfoPlist.strings */ = {
			isa = PBXVariantGroup;
			children = (
				7BFB1722164CC5E900C405A0 /* en */,
			);
			name = InfoPlist.strings;
			sourceTree = "<group>";
		};
		7BFB1727164CC5E900C405A0 /* Credits.rtf */ = {
			isa = PBXVariantGroup;
			children = (
				7BFB1728164CC5E900C405A0 /* en */,
			);
			name = Credits.rtf;
			sourceTree = "<group>";
		};
		7BFB172D164CC5E900C405A0 /* BNRDocument.xib */ = {
			isa = PBXVariantGroup;
			children = (
				7BFB172E164CC5E900C405A0 /* en */,
			);
			name = BNRDocument.xib;
			sourceTree = "<group>";
		};
		7BFB1730164CC5E900C405A0 /* MainMenu.xib */ = {
			isa = PBXVariantGroup;
			children = (
				7BFB1731164CC5E900C405A0 /* en */,
			);
			name = MainMenu.xib;
			sourceTree = "<group>";
		};
/* End PBXVariantGroup section */

/* Begin XCBuildConfiguration section */
		7BFB1733164CC5E900C405A0 /* Debug */ = {
			isa = XCBuildConfiguration;
			buildSettings = {
				ALWAYS_SEARCH_USER_PATHS = NO;
				ARCHS = "$(ARCHS_STANDARD_64_BIT)";
				COPY_PHASE_STRIP = NO;
				GCC_C_LANGUAGE_STANDARD = gnu99;
				GCC_DYNAMIC_NO_PIC = NO;
				GCC_ENABLE_OBJC_EXCEPTIONS = YES;
				GCC_OPTIMIZATION_LEVEL = 0;
				GCC_PREPROCESSOR_DEFINITIONS = (
					"DEBUG=1",
					"$(inherited)",
				);
				GCC_SYMBOLS_PRIVATE_EXTERN = NO;
				GCC_VERSION = com.apple.compilers.llvm.clang.1_0;
				GCC_WARN_64_TO_32_BIT_CONVERSION = YES;
				GCC_WARN_ABOUT_RETURN_TYPE = YES;
				GCC_WARN_UNINITIALIZED_AUTOS = YES;
				GCC_WARN_UNUSED_VARIABLE = YES;
				MACOSX_DEPLOYMENT_TARGET = 10.7;
				ONLY_ACTIVE_ARCH = YES;
				SDKROOT = macosx;
			};
			name = Debug;
		};
		7BFB1734164CC5E900C405A0 /* Release */ = {
			isa = XCBuildConfiguration;
			buildSettings = {
				ALWAYS_SEARCH_USER_PATHS = NO;
				ARCHS = "$(ARCHS_STANDARD_64_BIT)";
				COPY_PHASE_STRIP = YES;
				DEBUG_INFORMATION_FORMAT = "dwarf-with-dsym";
				GCC_C_LANGUAGE_STANDARD = gnu99;
				GCC_ENABLE_OBJC_EXCEPTIONS = YES;
				GCC_VERSION = com.apple.compilers.llvm.clang.1_0;
				GCC_WARN_64_TO_32_BIT_CONVERSION = YES;
				GCC_WARN_ABOUT_RETURN_TYPE = YES;
				GCC_WARN_UNINITIALIZED_AUTOS = YES;
				GCC_WARN_UNUSED_VARIABLE = YES;
				MACOSX_DEPLOYMENT_TARGET = 10.7;
				SDKROOT = macosx;
			};
			name = Release;
		};
		7BFB1736164CC5E900C405A0 /* Debug */ = {
			isa = XCBuildConfiguration;
			buildSettings = {
				GCC_PRECOMPILE_PREFIX_HEADER = YES;
				GCC_PREFIX_HEADER = "TahDoodle/TahDoodle-Prefix.pch";
				INFOPLIST_FILE = "TahDoodle/TahDoodle-Info.plist";
				PRODUCT_NAME = "$(TARGET_NAME)";
				WRAPPER_EXTENSION = app;
			};
			name = Debug;
		};
		7BFB1737164CC5E900C405A0 /* Release */ = {
			isa = XCBuildConfiguration;
			buildSettings = {
				GCC_PRECOMPILE_PREFIX_HEADER = YES;
				GCC_PREFIX_HEADER = "TahDoodle/TahDoodle-Prefix.pch";
				INFOPLIST_FILE = "TahDoodle/TahDoodle-Info.plist";
				PRODUCT_NAME = "$(TARGET_NAME)";
				WRAPPER_EXTENSION = app;
			};
			name = Release;
		};
/* End XCBuildConfiguration section */

/* Begin XCConfigurationList section */
		7BFB170E164CC5E800C405A0 /* Build configuration list for PBXProject "TahDoodle" */ = {
			isa = XCConfigurationList;
			buildConfigurations = (
				7BFB1733164CC5E900C405A0 /* Debug */,
				7BFB1734164CC5E900C405A0 /* Release */,
			);
			defaultConfigurationIsVisible = 0;
			defaultConfigurationName = Release;
		};
		7BFB1735164CC5E900C405A0 /* Build configuration list for PBXNativeTarget "TahDoodle" */ = {
			isa = XCConfigurationList;
			buildConfigurations = (
				7BFB1736164CC5E900C405A0 /* Debug */,
				7BFB1737164CC5E900C405A0 /* Release */,
			);
			defaultConfigurationIsVisible = 0;
		};
/* End XCConfigurationList section */
	};
	rootObject = 7BFB170B164CC5E800C405A0 /* Project object */;
}
